// !$*UTF8*$!
{
	archiveVersion = 1;
	classes = {
	};
	objectVersion = 46;
	objects = {

/* Begin PBXBuildFile section */
		A20A122519A3D8B000FAAEA7 /* AppDelegate.swift in Sources */ = {isa = PBXBuildFile; fileRef = A20A122419A3D8B000FAAEA7 /* AppDelegate.swift */; };
		A20A122819A3D8B000FAAEA7 /* pickerandtextfield.xcdatamodeld in Sources */ = {isa = PBXBuildFile; fileRef = A20A122619A3D8B000FAAEA7 /* pickerandtextfield.xcdatamodeld */; };
		A20A122D19A3D8B000FAAEA7 /* Main.storyboard in Resources */ = {isa = PBXBuildFile; fileRef = A20A122B19A3D8B000FAAEA7 /* Main.storyboard */; };
		A20A122F19A3D8B000FAAEA7 /* Images.xcassets in Resources */ = {isa = PBXBuildFile; fileRef = A20A122E19A3D8B000FAAEA7 /* Images.xcassets */; };
		A20A123B19A3D8B000FAAEA7 /* pickerandtextfieldTests.swift in Sources */ = {isa = PBXBuildFile; fileRef = A20A123A19A3D8B000FAAEA7 /* pickerandtextfieldTests.swift */; };
		A20A124519A3D8C700FAAEA7 /* ViewController.swift in Sources */ = {isa = PBXBuildFile; fileRef = A20A124419A3D8C700FAAEA7 /* ViewController.swift */; };
		A20A124719A3D8D100FAAEA7 /* seahawks.png in Resources */ = {isa = PBXBuildFile; fileRef = A20A124619A3D8D100FAAEA7 /* seahawks.png */; };
/* End PBXBuildFile section */

/* Begin PBXContainerItemProxy section */
		A20A123519A3D8B000FAAEA7 /* PBXContainerItemProxy */ = {
			isa = PBXContainerItemProxy;
			containerPortal = A20A121719A3D8B000FAAEA7 /* Project object */;
			proxyType = 1;
			remoteGlobalIDString = A20A121E19A3D8B000FAAEA7;
			remoteInfo = pickerandtextfield;
		};
/* End PBXContainerItemProxy section */

/* Begin PBXFileReference section */
		A20A121F19A3D8B000FAAEA7 /* pickerandtextfield.app */ = {isa = PBXFileReference; explicitFileType = wrapper.application; includeInIndex = 0; path = pickerandtextfield.app; sourceTree = BUILT_PRODUCTS_DIR; };
		A20A122319A3D8B000FAAEA7 /* Info.plist */ = {isa = PBXFileReference; lastKnownFileType = text.plist.xml; path = Info.plist; sourceTree = "<group>"; };
		A20A122419A3D8B000FAAEA7 /* AppDelegate.swift */ = {isa = PBXFileReference; lastKnownFileType = sourcecode.swift; path = AppDelegate.swift; sourceTree = "<group>"; };
		A20A122719A3D8B000FAAEA7 /* pickerandtextfield.xcdatamodel */ = {isa = PBXFileReference; lastKnownFileType = wrapper.xcdatamodel; path = pickerandtextfield.xcdatamodel; sourceTree = "<group>"; };
		A20A122C19A3D8B000FAAEA7 /* Base */ = {isa = PBXFileReference; lastKnownFileType = file.storyboard; name = Base; path = Base.lproj/Main.storyboard; sourceTree = "<group>"; };
		A20A122E19A3D8B000FAAEA7 /* Images.xcassets */ = {isa = PBXFileReference; lastKnownFileType = folder.assetcatalog; path = Images.xcassets; sourceTree = "<group>"; };
		A20A123419A3D8B000FAAEA7 /* pickerandtextfieldTests.xctest */ = {isa = PBXFileReference; explicitFileType = wrapper.cfbundle; includeInIndex = 0; path = pickerandtextfieldTests.xctest; sourceTree = BUILT_PRODUCTS_DIR; };
		A20A123919A3D8B000FAAEA7 /* Info.plist */ = {isa = PBXFileReference; lastKnownFileType = text.plist.xml; path = Info.plist; sourceTree = "<group>"; };
		A20A123A19A3D8B000FAAEA7 /* pickerandtextfieldTests.swift */ = {isa = PBXFileReference; lastKnownFileType = sourcecode.swift; path = pickerandtextfieldTests.swift; sourceTree = "<group>"; };
		A20A124419A3D8C700FAAEA7 /* ViewController.swift */ = {isa = PBXFileReference; fileEncoding = 4; lastKnownFileType = sourcecode.swift; path = ViewController.swift; sourceTree = "<group>"; };
		A20A124619A3D8D100FAAEA7 /* seahawks.png */ = {isa = PBXFileReference; lastKnownFileType = image.png; path = seahawks.png; sourceTree = "<group>"; };
/* End PBXFileReference section */

/* Begin PBXFrameworksBuildPhase section */
		A20A121C19A3D8B000FAAEA7 /* Frameworks */ = {
			isa = PBXFrameworksBuildPhase;
			buildActionMask = 2147483647;
			files = (
			);
			runOnlyForDeploymentPostprocessing = 0;
		};
		A20A123119A3D8B000FAAEA7 /* Frameworks */ = {
			isa = PBXFrameworksBuildPhase;
			buildActionMask = 2147483647;
			files = (
			);
			runOnlyForDeploymentPostprocessing = 0;
		};
/* End PBXFrameworksBuildPhase section */

/* Begin PBXGroup section */
		A20A121619A3D8B000FAAEA7 = {
			isa = PBXGroup;
			children = (
				A20A122119A3D8B000FAAEA7 /* pickerandtextfield */,
				A20A123719A3D8B000FAAEA7 /* pickerandtextfieldTests */,
				A20A122019A3D8B000FAAEA7 /* Products */,
			);
			sourceTree = "<group>";
		};
		A20A122019A3D8B000FAAEA7 /* Products */ = {
			isa = PBXGroup;
			children = (
				A20A121F19A3D8B000FAAEA7 /* pickerandtextfield.app */,
				A20A123419A3D8B000FAAEA7 /* pickerandtextfieldTests.xctest */,
			);
			name = Products;
			sourceTree = "<group>";
		};
		A20A122119A3D8B000FAAEA7 /* pickerandtextfield */ = {
			isa = PBXGroup;
			children = (
				A20A124619A3D8D100FAAEA7 /* seahawks.png */,
				A20A124419A3D8C700FAAEA7 /* ViewController.swift */,
				A20A122419A3D8B000FAAEA7 /* AppDelegate.swift */,
				A20A122B19A3D8B000FAAEA7 /* Main.storyboard */,
				A20A122E19A3D8B000FAAEA7 /* Images.xcassets */,
				A20A122619A3D8B000FAAEA7 /* pickerandtextfield.xcdatamodeld */,
				A20A122219A3D8B000FAAEA7 /* Supporting Files */,
			);
			path = pickerandtextfield;
			sourceTree = "<group>";
		};
		A20A122219A3D8B000FAAEA7 /* Supporting Files */ = {
			isa = PBXGroup;
			children = (
				A20A122319A3D8B000FAAEA7 /* Info.plist */,
			);
			name = "Supporting Files";
			sourceTree = "<group>";
		};
		A20A123719A3D8B000FAAEA7 /* pickerandtextfieldTests */ = {
			isa = PBXGroup;
			children = (
				A20A123A19A3D8B000FAAEA7 /* pickerandtextfieldTests.swift */,
				A20A123819A3D8B000FAAEA7 /* Supporting Files */,
			);
			path = pickerandtextfieldTests;
			sourceTree = "<group>";
		};
		A20A123819A3D8B000FAAEA7 /* Supporting Files */ = {
			isa = PBXGroup;
			children = (
				A20A123919A3D8B000FAAEA7 /* Info.plist */,
			);
			name = "Supporting Files";
			sourceTree = "<group>";
		};
/* End PBXGroup section */

/* Begin PBXNativeTarget section */
		A20A121E19A3D8B000FAAEA7 /* pickerandtextfield */ = {
			isa = PBXNativeTarget;
			buildConfigurationList = A20A123E19A3D8B000FAAEA7 /* Build configuration list for PBXNativeTarget "pickerandtextfield" */;
			buildPhases = (
				A20A121B19A3D8B000FAAEA7 /* Sources */,
				A20A121C19A3D8B000FAAEA7 /* Frameworks */,
				A20A121D19A3D8B000FAAEA7 /* Resources */,
			);
			buildRules = (
			);
			dependencies = (
			);
			name = pickerandtextfield;
			productName = pickerandtextfield;
			productReference = A20A121F19A3D8B000FAAEA7 /* pickerandtextfield.app */;
			productType = "com.apple.product-type.application";
		};
		A20A123319A3D8B000FAAEA7 /* pickerandtextfieldTests */ = {
			isa = PBXNativeTarget;
			buildConfigurationList = A20A124119A3D8B000FAAEA7 /* Build configuration list for PBXNativeTarget "pickerandtextfieldTests" */;
			buildPhases = (
				A20A123019A3D8B000FAAEA7 /* Sources */,
				A20A123119A3D8B000FAAEA7 /* Frameworks */,
				A20A123219A3D8B000FAAEA7 /* Resources */,
			);
			buildRules = (
			);
			dependencies = (
				A20A123619A3D8B000FAAEA7 /* PBXTargetDependency */,
			);
			name = pickerandtextfieldTests;
			productName = pickerandtextfieldTests;
			productReference = A20A123419A3D8B000FAAEA7 /* pickerandtextfieldTests.xctest */;
			productType = "com.apple.product-type.bundle.unit-test";
		};
/* End PBXNativeTarget section */

/* Begin PBXProject section */
		A20A121719A3D8B000FAAEA7 /* Project object */ = {
			isa = PBXProject;
			attributes = {
				LastUpgradeCheck = 0600;
				ORGANIZATIONNAME = learnswift;
				TargetAttributes = {
					A20A121E19A3D8B000FAAEA7 = {
						CreatedOnToolsVersion = 6.0;
					};
					A20A123319A3D8B000FAAEA7 = {
						CreatedOnToolsVersion = 6.0;
						TestTargetID = A20A121E19A3D8B000FAAEA7;
					};
				};
			};
			buildConfigurationList = A20A121A19A3D8B000FAAEA7 /* Build configuration list for PBXProject "pickerandtextfield" */;
			compatibilityVersion = "Xcode 3.2";
			developmentRegion = English;
			hasScannedForEncodings = 0;
			knownRegions = (
				en,
				Base,
			);
			mainGroup = A20A121619A3D8B000FAAEA7;
			productRefGroup = A20A122019A3D8B000FAAEA7 /* Products */;
			projectDirPath = "";
			projectRoot = "";
			targets = (
				A20A121E19A3D8B000FAAEA7 /* pickerandtextfield */,
				A20A123319A3D8B000FAAEA7 /* pickerandtextfieldTests */,
			);
		};
/* End PBXProject section */

/* Begin PBXResourcesBuildPhase section */
		A20A121D19A3D8B000FAAEA7 /* Resources */ = {
			isa = PBXResourcesBuildPhase;
			buildActionMask = 2147483647;
			files = (
				A20A124719A3D8D100FAAEA7 /* seahawks.png in Resources */,
				A20A122D19A3D8B000FAAEA7 /* Main.storyboard in Resources */,
				A20A122F19A3D8B000FAAEA7 /* Images.xcassets in Resources */,
			);
			runOnlyForDeploymentPostprocessing = 0;
		};
		A20A123219A3D8B000FAAEA7 /* Resources */ = {
			isa = PBXResourcesBuildPhase;
			buildActionMask = 2147483647;
			files = (
			);
			runOnlyForDeploymentPostprocessing = 0;
		};
/* End PBXResourcesBuildPhase section */

/* Begin PBXSourcesBuildPhase section */
		A20A121B19A3D8B000FAAEA7 /* Sources */ = {
			isa = PBXSourcesBuildPhase;
			buildActionMask = 2147483647;
			files = (
				A20A124519A3D8C700FAAEA7 /* ViewController.swift in Sources */,
				A20A122519A3D8B000FAAEA7 /* AppDelegate.swift in Sources */,
				A20A122819A3D8B000FAAEA7 /* pickerandtextfield.xcdatamodeld in Sources */,
			);
			runOnlyForDeploymentPostprocessing = 0;
		};
		A20A123019A3D8B000FAAEA7 /* Sources */ = {
			isa = PBXSourcesBuildPhase;
			buildActionMask = 2147483647;
			files = (
				A20A123B19A3D8B000FAAEA7 /* pickerandtextfieldTests.swift in Sources */,
			);
			runOnlyForDeploymentPostprocessing = 0;
		};
/* End PBXSourcesBuildPhase section */

/* Begin PBXTargetDependency section */
		A20A123619A3D8B000FAAEA7 /* PBXTargetDependency */ = {
			isa = PBXTargetDependency;
			target = A20A121E19A3D8B000FAAEA7 /* pickerandtextfield */;
			targetProxy = A20A123519A3D8B000FAAEA7 /* PBXContainerItemProxy */;
		};
/* End PBXTargetDependency section */

/* Begin PBXVariantGroup section */
		A20A122B19A3D8B000FAAEA7 /* Main.storyboard */ = {
			isa = PBXVariantGroup;
			children = (
				A20A122C19A3D8B000FAAEA7 /* Base */,
			);
			name = Main.storyboard;
			sourceTree = "<group>";
		};
/* End PBXVariantGroup section */

/* Begin XCBuildConfiguration section */
		A20A123C19A3D8B000FAAEA7 /* Debug */ = {
			isa = XCBuildConfiguration;
			buildSettings = {
				ALWAYS_SEARCH_USER_PATHS = NO;
				CLANG_CXX_LANGUAGE_STANDARD = "gnu++0x";
				CLANG_CXX_LIBRARY = "libc++";
				CLANG_ENABLE_MODULES = YES;
				CLANG_ENABLE_OBJC_ARC = YES;
				CLANG_WARN_BOOL_CONVERSION = YES;
				CLANG_WARN_CONSTANT_CONVERSION = YES;
				CLANG_WARN_DIRECT_OBJC_ISA_USAGE = YES_ERROR;
				CLANG_WARN_EMPTY_BODY = YES;
				CLANG_WARN_ENUM_CONVERSION = YES;
				CLANG_WARN_INT_CONVERSION = YES;
				CLANG_WARN_OBJC_ROOT_CLASS = YES_ERROR;
				CLANG_WARN_UNREACHABLE_CODE = YES;
				CLANG_WARN__DUPLICATE_METHOD_MATCH = YES;
				"CODE_SIGN_IDENTITY[sdk=iphoneos*]" = "iPhone Developer";
				COPY_PHASE_STRIP = NO;
				ENABLE_STRICT_OBJC_MSGSEND = YES;
				GCC_C_LANGUAGE_STANDARD = gnu99;
				GCC_DYNAMIC_NO_PIC = NO;
				GCC_OPTIMIZATION_LEVEL = 0;
				GCC_PREPROCESSOR_DEFINITIONS = (
					"DEBUG=1",
					"$(inherited)",
				);
				GCC_SYMBOLS_PRIVATE_EXTERN = NO;
				GCC_WARN_64_TO_32_BIT_CONVERSION = YES;
				GCC_WARN_ABOUT_RETURN_TYPE = YES_ERROR;
				GCC_WARN_UNDECLARED_SELECTOR = YES;
				GCC_WARN_UNINITIALIZED_AUTOS = YES_AGGRESSIVE;
				GCC_WARN_UNUSED_FUNCTION = YES;
				GCC_WARN_UNUSED_VARIABLE = YES;
				IPHONEOS_DEPLOYMENT_TARGET = 8.0;
				MTL_ENABLE_DEBUG_INFO = YES;
				ONLY_ACTIVE_ARCH = YES;
				SDKROOT = iphoneos;
				SWIFT_OPTIMIZATION_LEVEL = "-Onone";
				TARGETED_DEVICE_FAMILY = "1,2";
			};
			name = Debug;
		};
		A20A123D19A3D8B000FAAEA7 /* Release */ = {
			isa = XCBuildConfiguration;
			buildSettings = {
				ALWAYS_SEARCH_USER_PATHS = NO;
				CLANG_CXX_LANGUAGE_STANDARD = "gnu++0x";
				CLANG_CXX_LIBRARY = "libc++";
				CLANG_ENABLE_MODULES = YES;
				CLANG_ENABLE_OBJC_ARC = YES;
				CLANG_WARN_BOOL_CONVERSION = YES;
				CLANG_WARN_CONSTANT_CONVERSION = YES;
				CLANG_WARN_DIRECT_OBJC_ISA_USAGE = YES_ERROR;
				CLANG_WARN_EMPTY_BODY = YES;
				CLANG_WARN_ENUM_CONVERSION = YES;
				CLANG_WARN_INT_CONVERSION = YES;
				CLANG_WARN_OBJC_ROOT_CLASS = YES_ERROR;
				CLANG_WARN_UNREACHABLE_CODE = YES;
				CLANG_WARN__DUPLICATE_METHOD_MATCH = YES;
				"CODE_SIGN_IDENTITY[sdk=iphoneos*]" = "iPhone Developer";
				COPY_PHASE_STRIP = YES;
				ENABLE_NS_ASSERTIONS = NO;
				ENABLE_STRICT_OBJC_MSGSEND = YES;
				GCC_C_LANGUAGE_STANDARD = gnu99;
				GCC_WARN_64_TO_32_BIT_CONVERSION = YES;
				GCC_WARN_ABOUT_RETURN_TYPE = YES_ERROR;
				GCC_WARN_UNDECLARED_SELECTOR = YES;
				GCC_WARN_UNINITIALIZED_AUTOS = YES_AGGRESSIVE;
				GCC_WARN_UNUSED_FUNCTION = YES;
				GCC_WARN_UNUSED_VARIABLE = YES;
				IPHONEOS_DEPLOYMENT_TARGET = 8.0;
				MTL_ENABLE_DEBUG_INFO = NO;
				SDKROOT = iphoneos;
				TARGETED_DEVICE_FAMILY = "1,2";
				VALIDATE_PRODUCT = YES;
			};
			name = Release;
		};
		A20A123F19A3D8B000FAAEA7 /* Debug */ = {
			isa = XCBuildConfiguration;
			buildSettings = {
				ASSETCATALOG_COMPILER_APPICON_NAME = AppIcon;
				ASSETCATALOG_COMPILER_LAUNCHIMAGE_NAME = LaunchImage;
				INFOPLIST_FILE = pickerandtextfield/Info.plist;
				LD_RUNPATH_SEARCH_PATHS = "$(inherited) @executable_path/Frameworks";
				PRODUCT_NAME = "$(TARGET_NAME)";
			};
			name = Debug;
		};
		A20A124019A3D8B000FAAEA7 /* Release */ = {
			isa = XCBuildConfiguration;
			buildSettings = {
				ASSETCATALOG_COMPILER_APPICON_NAME = AppIcon;
				ASSETCATALOG_COMPILER_LAUNCHIMAGE_NAME = LaunchImage;
				INFOPLIST_FILE = pickerandtextfield/Info.plist;
				LD_RUNPATH_SEARCH_PATHS = "$(inherited) @executable_path/Frameworks";
				PRODUCT_NAME = "$(TARGET_NAME)";
			};
			name = Release;
		};
		A20A124219A3D8B000FAAEA7 /* Debug */ = {
			isa = XCBuildConfiguration;
			buildSettings = {
				BUNDLE_LOADER = "$(TEST_HOST)";
				FRAMEWORK_SEARCH_PATHS = (
					"$(SDKROOT)/Developer/Library/Frameworks",
					"$(inherited)",
				);
				GCC_PREPROCESSOR_DEFINITIONS = (
					"DEBUG=1",
					"$(inherited)",
				);
				INFOPLIST_FILE = pickerandtextfieldTests/Info.plist;
				LD_RUNPATH_SEARCH_PATHS = "$(inherited) @executable_path/Frameworks @loader_path/Frameworks";
				PRODUCT_NAME = "$(TARGET_NAME)";
				TEST_HOST = "$(BUILT_PRODUCTS_DIR)/pickerandtextfield.app/pickerandtextfield";
			};
			name = Debug;
		};
		A20A124319A3D8B000FAAEA7 /* Release */ = {
			isa = XCBuildConfiguration;
			buildSettings = {
				BUNDLE_LOADER = "$(TEST_HOST)";
				FRAMEWORK_SEARCH_PATHS = (
					"$(SDKROOT)/Developer/Library/Frameworks",
					"$(inherited)",
				);
				INFOPLIST_FILE = pickerandtextfieldTests/Info.plist;
				LD_RUNPATH_SEARCH_PATHS = "$(inherited) @executable_path/Frameworks @loader_path/Frameworks";
				PRODUCT_NAME = "$(TARGET_NAME)";
				TEST_HOST = "$(BUILT_PRODUCTS_DIR)/pickerandtextfield.app/pickerandtextfield";
			};
			name = Release;
		};
/* End XCBuildConfiguration section */

/* Begin XCConfigurationList section */
		A20A121A19A3D8B000FAAEA7 /* Build configuration list for PBXProject "pickerandtextfield" */ = {
			isa = XCConfigurationList;
			buildConfigurations = (
				A20A123C19A3D8B000FAAEA7 /* Debug */,
				A20A123D19A3D8B000FAAEA7 /* Release */,
			);
			defaultConfigurationIsVisible = 0;
			defaultConfigurationName = Release;
		};
		A20A123E19A3D8B000FAAEA7 /* Build configuration list for PBXNativeTarget "pickerandtextfield" */ = {
			isa = XCConfigurationList;
			buildConfigurations = (
				A20A123F19A3D8B000FAAEA7 /* Debug */,
				A20A124019A3D8B000FAAEA7 /* Release */,
			);
			defaultConfigurationIsVisible = 0;
		};
		A20A124119A3D8B000FAAEA7 /* Build configuration list for PBXNativeTarget "pickerandtextfieldTests" */ = {
			isa = XCConfigurationList;
			buildConfigurations = (
				A20A124219A3D8B000FAAEA7 /* Debug */,
				A20A124319A3D8B000FAAEA7 /* Release */,
			);
			defaultConfigurationIsVisible = 0;
		};
/* End XCConfigurationList section */

/* Begin XCVersionGroup section */
		A20A122619A3D8B000FAAEA7 /* pickerandtextfield.xcdatamodeld */ = {
			isa = XCVersionGroup;
			children = (
				A20A122719A3D8B000FAAEA7 /* pickerandtextfield.xcdatamodel */,
			);
			currentVersion = A20A122719A3D8B000FAAEA7 /* pickerandtextfield.xcdatamodel */;
			path = pickerandtextfield.xcdatamodeld;
			sourceTree = "<group>";
			versionGroupType = wrapper.xcdatamodel;
		};
/* End XCVersionGroup section */
	};
	rootObject = A20A121719A3D8B000FAAEA7 /* Project object */;
}
