// !$*UTF8*$!
{
	archiveVersion = 1;
	classes = {
	};
	objectVersion = 46;
	objects = {

/* Begin PBXBuildFile section */
		A263BE9719AC1F1E00C9A301 /* AppDelegate.swift in Sources */ = {isa = PBXBuildFile; fileRef = A263BE9619AC1F1E00C9A301 /* AppDelegate.swift */; };
		A263BE9919AC1F1E00C9A301 /* ViewController.swift in Sources */ = {isa = PBXBuildFile; fileRef = A263BE9819AC1F1E00C9A301 /* ViewController.swift */; };
		A263BE9C19AC1F1E00C9A301 /* Main.storyboard in Resources */ = {isa = PBXBuildFile; fileRef = A263BE9A19AC1F1E00C9A301 /* Main.storyboard */; };
		A263BE9E19AC1F1E00C9A301 /* Images.xcassets in Resources */ = {isa = PBXBuildFile; fileRef = A263BE9D19AC1F1E00C9A301 /* Images.xcassets */; };
		A263BEAA19AC1F1F00C9A301 /* keyedArchiverTests.swift in Sources */ = {isa = PBXBuildFile; fileRef = A263BEA919AC1F1F00C9A301 /* keyedArchiverTests.swift */; };
		A263BEB419AC1F3600C9A301 /* Person.swift in Sources */ = {isa = PBXBuildFile; fileRef = A263BEB319AC1F3600C9A301 /* Person.swift */; };
/* End PBXBuildFile section */

/* Begin PBXContainerItemProxy section */
		A263BEA419AC1F1F00C9A301 /* PBXContainerItemProxy */ = {
			isa = PBXContainerItemProxy;
			containerPortal = A263BE8919AC1F1E00C9A301 /* Project object */;
			proxyType = 1;
			remoteGlobalIDString = A263BE9019AC1F1E00C9A301;
			remoteInfo = keyedArchiver;
		};
/* End PBXContainerItemProxy section */

/* Begin PBXFileReference section */
		A263BE9119AC1F1E00C9A301 /* keyedArchiver.app */ = {isa = PBXFileReference; explicitFileType = wrapper.application; includeInIndex = 0; path = keyedArchiver.app; sourceTree = BUILT_PRODUCTS_DIR; };
		A263BE9519AC1F1E00C9A301 /* Info.plist */ = {isa = PBXFileReference; lastKnownFileType = text.plist.xml; path = Info.plist; sourceTree = "<group>"; };
		A263BE9619AC1F1E00C9A301 /* AppDelegate.swift */ = {isa = PBXFileReference; lastKnownFileType = sourcecode.swift; path = AppDelegate.swift; sourceTree = "<group>"; };
		A263BE9819AC1F1E00C9A301 /* ViewController.swift */ = {isa = PBXFileReference; lastKnownFileType = sourcecode.swift; path = ViewController.swift; sourceTree = "<group>"; };
		A263BE9B19AC1F1E00C9A301 /* Base */ = {isa = PBXFileReference; lastKnownFileType = file.storyboard; name = Base; path = Base.lproj/Main.storyboard; sourceTree = "<group>"; };
		A263BE9D19AC1F1E00C9A301 /* Images.xcassets */ = {isa = PBXFileReference; lastKnownFileType = folder.assetcatalog; path = Images.xcassets; sourceTree = "<group>"; };
		A263BEA319AC1F1F00C9A301 /* keyedArchiverTests.xctest */ = {isa = PBXFileReference; explicitFileType = wrapper.cfbundle; includeInIndex = 0; path = keyedArchiverTests.xctest; sourceTree = BUILT_PRODUCTS_DIR; };
		A263BEA819AC1F1F00C9A301 /* Info.plist */ = {isa = PBXFileReference; lastKnownFileType = text.plist.xml; path = Info.plist; sourceTree = "<group>"; };
		A263BEA919AC1F1F00C9A301 /* keyedArchiverTests.swift */ = {isa = PBXFileReference; lastKnownFileType = sourcecode.swift; path = keyedArchiverTests.swift; sourceTree = "<group>"; };
		A263BEB319AC1F3600C9A301 /* Person.swift */ = {isa = PBXFileReference; fileEncoding = 4; lastKnownFileType = sourcecode.swift; path = Person.swift; sourceTree = "<group>"; };
/* End PBXFileReference section */

/* Begin PBXFrameworksBuildPhase section */
		A263BE8E19AC1F1E00C9A301 /* Frameworks */ = {
			isa = PBXFrameworksBuildPhase;
			buildActionMask = 2147483647;
			files = (
			);
			runOnlyForDeploymentPostprocessing = 0;
		};
		A263BEA019AC1F1F00C9A301 /* Frameworks */ = {
			isa = PBXFrameworksBuildPhase;
			buildActionMask = 2147483647;
			files = (
			);
			runOnlyForDeploymentPostprocessing = 0;
		};
/* End PBXFrameworksBuildPhase section */

/* Begin PBXGroup section */
		A263BE8819AC1F1E00C9A301 = {
			isa = PBXGroup;
			children = (
				A263BE9319AC1F1E00C9A301 /* keyedArchiver */,
				A263BEA619AC1F1F00C9A301 /* keyedArchiverTests */,
				A263BE9219AC1F1E00C9A301 /* Products */,
			);
			sourceTree = "<group>";
		};
		A263BE9219AC1F1E00C9A301 /* Products */ = {
			isa = PBXGroup;
			children = (
				A263BE9119AC1F1E00C9A301 /* keyedArchiver.app */,
				A263BEA319AC1F1F00C9A301 /* keyedArchiverTests.xctest */,
			);
			name = Products;
			sourceTree = "<group>";
		};
		A263BE9319AC1F1E00C9A301 /* keyedArchiver */ = {
			isa = PBXGroup;
			children = (
				A263BE9619AC1F1E00C9A301 /* AppDelegate.swift */,
				A263BE9819AC1F1E00C9A301 /* ViewController.swift */,
				A263BEB319AC1F3600C9A301 /* Person.swift */,
				A263BE9A19AC1F1E00C9A301 /* Main.storyboard */,
				A263BE9D19AC1F1E00C9A301 /* Images.xcassets */,
				A263BE9419AC1F1E00C9A301 /* Supporting Files */,
			);
			path = keyedArchiver;
			sourceTree = "<group>";
		};
		A263BE9419AC1F1E00C9A301 /* Supporting Files */ = {
			isa = PBXGroup;
			children = (
				A263BE9519AC1F1E00C9A301 /* Info.plist */,
			);
			name = "Supporting Files";
			sourceTree = "<group>";
		};
		A263BEA619AC1F1F00C9A301 /* keyedArchiverTests */ = {
			isa = PBXGroup;
			children = (
				A263BEA919AC1F1F00C9A301 /* keyedArchiverTests.swift */,
				A263BEA719AC1F1F00C9A301 /* Supporting Files */,
			);
			path = keyedArchiverTests;
			sourceTree = "<group>";
		};
		A263BEA719AC1F1F00C9A301 /* Supporting Files */ = {
			isa = PBXGroup;
			children = (
				A263BEA819AC1F1F00C9A301 /* Info.plist */,
			);
			name = "Supporting Files";
			sourceTree = "<group>";
		};
/* End PBXGroup section */

/* Begin PBXNativeTarget section */
		A263BE9019AC1F1E00C9A301 /* keyedArchiver */ = {
			isa = PBXNativeTarget;
			buildConfigurationList = A263BEAD19AC1F1F00C9A301 /* Build configuration list for PBXNativeTarget "keyedArchiver" */;
			buildPhases = (
				A263BE8D19AC1F1E00C9A301 /* Sources */,
				A263BE8E19AC1F1E00C9A301 /* Frameworks */,
				A263BE8F19AC1F1E00C9A301 /* Resources */,
			);
			buildRules = (
			);
			dependencies = (
			);
			name = keyedArchiver;
			productName = keyedArchiver;
			productReference = A263BE9119AC1F1E00C9A301 /* keyedArchiver.app */;
			productType = "com.apple.product-type.application";
		};
		A263BEA219AC1F1F00C9A301 /* keyedArchiverTests */ = {
			isa = PBXNativeTarget;
			buildConfigurationList = A263BEB019AC1F1F00C9A301 /* Build configuration list for PBXNativeTarget "keyedArchiverTests" */;
			buildPhases = (
				A263BE9F19AC1F1F00C9A301 /* Sources */,
				A263BEA019AC1F1F00C9A301 /* Frameworks */,
				A263BEA119AC1F1F00C9A301 /* Resources */,
			);
			buildRules = (
			);
			dependencies = (
				A263BEA519AC1F1F00C9A301 /* PBXTargetDependency */,
			);
			name = keyedArchiverTests;
			productName = keyedArchiverTests;
			productReference = A263BEA319AC1F1F00C9A301 /* keyedArchiverTests.xctest */;
			productType = "com.apple.product-type.bundle.unit-test";
		};
/* End PBXNativeTarget section */

/* Begin PBXProject section */
		A263BE8919AC1F1E00C9A301 /* Project object */ = {
			isa = PBXProject;
			attributes = {
				LastUpgradeCheck = 0600;
				ORGANIZATIONNAME = learnswift;
				TargetAttributes = {
					A263BE9019AC1F1E00C9A301 = {
						CreatedOnToolsVersion = 6.0;
					};
					A263BEA219AC1F1F00C9A301 = {
						CreatedOnToolsVersion = 6.0;
						TestTargetID = A263BE9019AC1F1E00C9A301;
					};
				};
			};
			buildConfigurationList = A263BE8C19AC1F1E00C9A301 /* Build configuration list for PBXProject "keyedArchiver" */;
			compatibilityVersion = "Xcode 3.2";
			developmentRegion = English;
			hasScannedForEncodings = 0;
			knownRegions = (
				en,
				Base,
			);
			mainGroup = A263BE8819AC1F1E00C9A301;
			productRefGroup = A263BE9219AC1F1E00C9A301 /* Products */;
			projectDirPath = "";
			projectRoot = "";
			targets = (
				A263BE9019AC1F1E00C9A301 /* keyedArchiver */,
				A263BEA219AC1F1F00C9A301 /* keyedArchiverTests */,
			);
		};
/* End PBXProject section */

/* Begin PBXResourcesBuildPhase section */
		A263BE8F19AC1F1E00C9A301 /* Resources */ = {
			isa = PBXResourcesBuildPhase;
			buildActionMask = 2147483647;
			files = (
				A263BE9C19AC1F1E00C9A301 /* Main.storyboard in Resources */,
				A263BE9E19AC1F1E00C9A301 /* Images.xcassets in Resources */,
			);
			runOnlyForDeploymentPostprocessing = 0;
		};
		A263BEA119AC1F1F00C9A301 /* Resources */ = {
			isa = PBXResourcesBuildPhase;
			buildActionMask = 2147483647;
			files = (
			);
			runOnlyForDeploymentPostprocessing = 0;
		};
/* End PBXResourcesBuildPhase section */

/* Begin PBXSourcesBuildPhase section */
		A263BE8D19AC1F1E00C9A301 /* Sources */ = {
			isa = PBXSourcesBuildPhase;
			buildActionMask = 2147483647;
			files = (
				A263BEB419AC1F3600C9A301 /* Person.swift in Sources */,
				A263BE9919AC1F1E00C9A301 /* ViewController.swift in Sources */,
				A263BE9719AC1F1E00C9A301 /* AppDelegate.swift in Sources */,
			);
			runOnlyForDeploymentPostprocessing = 0;
		};
		A263BE9F19AC1F1F00C9A301 /* Sources */ = {
			isa = PBXSourcesBuildPhase;
			buildActionMask = 2147483647;
			files = (
				A263BEAA19AC1F1F00C9A301 /* keyedArchiverTests.swift in Sources */,
			);
			runOnlyForDeploymentPostprocessing = 0;
		};
/* End PBXSourcesBuildPhase section */

/* Begin PBXTargetDependency section */
		A263BEA519AC1F1F00C9A301 /* PBXTargetDependency */ = {
			isa = PBXTargetDependency;
			target = A263BE9019AC1F1E00C9A301 /* keyedArchiver */;
			targetProxy = A263BEA419AC1F1F00C9A301 /* PBXContainerItemProxy */;
		};
/* End PBXTargetDependency section */

/* Begin PBXVariantGroup section */
		A263BE9A19AC1F1E00C9A301 /* Main.storyboard */ = {
			isa = PBXVariantGroup;
			children = (
				A263BE9B19AC1F1E00C9A301 /* Base */,
			);
			name = Main.storyboard;
			sourceTree = "<group>";
		};
/* End PBXVariantGroup section */

/* Begin XCBuildConfiguration section */
		A263BEAB19AC1F1F00C9A301 /* Debug */ = {
			isa = XCBuildConfiguration;
			buildSettings = {
				ALWAYS_SEARCH_USER_PATHS = NO;
				CLANG_CXX_LANGUAGE_STANDARD = "gnu++0x";
				CLANG_CXX_LIBRARY = "libc++";
				CLANG_ENABLE_MODULES = YES;
				CLANG_ENABLE_OBJC_ARC = YES;
				CLANG_WARN_BOOL_CONVERSION = YES;
				CLANG_WARN_CONSTANT_CONVERSION = YES;
				CLANG_WARN_DIRECT_OBJC_ISA_USAGE = YES_ERROR;
				CLANG_WARN_EMPTY_BODY = YES;
				CLANG_WARN_ENUM_CONVERSION = YES;
				CLANG_WARN_INT_CONVERSION = YES;
				CLANG_WARN_OBJC_ROOT_CLASS = YES_ERROR;
				CLANG_WARN_UNREACHABLE_CODE = YES;
				CLANG_WARN__DUPLICATE_METHOD_MATCH = YES;
				"CODE_SIGN_IDENTITY[sdk=iphoneos*]" = "iPhone Developer";
				COPY_PHASE_STRIP = NO;
				ENABLE_STRICT_OBJC_MSGSEND = YES;
				GCC_C_LANGUAGE_STANDARD = gnu99;
				GCC_DYNAMIC_NO_PIC = NO;
				GCC_OPTIMIZATION_LEVEL = 0;
				GCC_PREPROCESSOR_DEFINITIONS = (
					"DEBUG=1",
					"$(inherited)",
				);
				GCC_SYMBOLS_PRIVATE_EXTERN = NO;
				GCC_WARN_64_TO_32_BIT_CONVERSION = YES;
				GCC_WARN_ABOUT_RETURN_TYPE = YES_ERROR;
				GCC_WARN_UNDECLARED_SELECTOR = YES;
				GCC_WARN_UNINITIALIZED_AUTOS = YES_AGGRESSIVE;
				GCC_WARN_UNUSED_FUNCTION = YES;
				GCC_WARN_UNUSED_VARIABLE = YES;
				IPHONEOS_DEPLOYMENT_TARGET = 8.0;
				MTL_ENABLE_DEBUG_INFO = YES;
				ONLY_ACTIVE_ARCH = YES;
				SDKROOT = iphoneos;
				SWIFT_OPTIMIZATION_LEVEL = "-Onone";
				TARGETED_DEVICE_FAMILY = "1,2";
			};
			name = Debug;
		};
		A263BEAC19AC1F1F00C9A301 /* Release */ = {
			isa = XCBuildConfiguration;
			buildSettings = {
				ALWAYS_SEARCH_USER_PATHS = NO;
				CLANG_CXX_LANGUAGE_STANDARD = "gnu++0x";
				CLANG_CXX_LIBRARY = "libc++";
				CLANG_ENABLE_MODULES = YES;
				CLANG_ENABLE_OBJC_ARC = YES;
				CLANG_WARN_BOOL_CONVERSION = YES;
				CLANG_WARN_CONSTANT_CONVERSION = YES;
				CLANG_WARN_DIRECT_OBJC_ISA_USAGE = YES_ERROR;
				CLANG_WARN_EMPTY_BODY = YES;
				CLANG_WARN_ENUM_CONVERSION = YES;
				CLANG_WARN_INT_CONVERSION = YES;
				CLANG_WARN_OBJC_ROOT_CLASS = YES_ERROR;
				CLANG_WARN_UNREACHABLE_CODE = YES;
				CLANG_WARN__DUPLICATE_METHOD_MATCH = YES;
				"CODE_SIGN_IDENTITY[sdk=iphoneos*]" = "iPhone Developer";
				COPY_PHASE_STRIP = YES;
				ENABLE_NS_ASSERTIONS = NO;
				ENABLE_STRICT_OBJC_MSGSEND = YES;
				GCC_C_LANGUAGE_STANDARD = gnu99;
				GCC_WARN_64_TO_32_BIT_CONVERSION = YES;
				GCC_WARN_ABOUT_RETURN_TYPE = YES_ERROR;
				GCC_WARN_UNDECLARED_SELECTOR = YES;
				GCC_WARN_UNINITIALIZED_AUTOS = YES_AGGRESSIVE;
				GCC_WARN_UNUSED_FUNCTION = YES;
				GCC_WARN_UNUSED_VARIABLE = YES;
				IPHONEOS_DEPLOYMENT_TARGET = 8.0;
				MTL_ENABLE_DEBUG_INFO = NO;
				SDKROOT = iphoneos;
				TARGETED_DEVICE_FAMILY = "1,2";
				VALIDATE_PRODUCT = YES;
			};
			name = Release;
		};
		A263BEAE19AC1F1F00C9A301 /* Debug */ = {
			isa = XCBuildConfiguration;
			buildSettings = {
				ASSETCATALOG_COMPILER_APPICON_NAME = AppIcon;
				ASSETCATALOG_COMPILER_LAUNCHIMAGE_NAME = LaunchImage;
				INFOPLIST_FILE = keyedArchiver/Info.plist;
				LD_RUNPATH_SEARCH_PATHS = "$(inherited) @executable_path/Frameworks";
				PRODUCT_NAME = "$(TARGET_NAME)";
			};
			name = Debug;
		};
		A263BEAF19AC1F1F00C9A301 /* Release */ = {
			isa = XCBuildConfiguration;
			buildSettings = {
				ASSETCATALOG_COMPILER_APPICON_NAME = AppIcon;
				ASSETCATALOG_COMPILER_LAUNCHIMAGE_NAME = LaunchImage;
				INFOPLIST_FILE = keyedArchiver/Info.plist;
				LD_RUNPATH_SEARCH_PATHS = "$(inherited) @executable_path/Frameworks";
				PRODUCT_NAME = "$(TARGET_NAME)";
			};
			name = Release;
		};
		A263BEB119AC1F1F00C9A301 /* Debug */ = {
			isa = XCBuildConfiguration;
			buildSettings = {
				BUNDLE_LOADER = "$(TEST_HOST)";
				FRAMEWORK_SEARCH_PATHS = (
					"$(SDKROOT)/Developer/Library/Frameworks",
					"$(inherited)",
				);
				GCC_PREPROCESSOR_DEFINITIONS = (
					"DEBUG=1",
					"$(inherited)",
				);
				INFOPLIST_FILE = keyedArchiverTests/Info.plist;
				LD_RUNPATH_SEARCH_PATHS = "$(inherited) @executable_path/Frameworks @loader_path/Frameworks";
				PRODUCT_NAME = "$(TARGET_NAME)";
				TEST_HOST = "$(BUILT_PRODUCTS_DIR)/keyedArchiver.app/keyedArchiver";
			};
			name = Debug;
		};
		A263BEB219AC1F1F00C9A301 /* Release */ = {
			isa = XCBuildConfiguration;
			buildSettings = {
				BUNDLE_LOADER = "$(TEST_HOST)";
				FRAMEWORK_SEARCH_PATHS = (
					"$(SDKROOT)/Developer/Library/Frameworks",
					"$(inherited)",
				);
				INFOPLIST_FILE = keyedArchiverTests/Info.plist;
				LD_RUNPATH_SEARCH_PATHS = "$(inherited) @executable_path/Frameworks @loader_path/Frameworks";
				PRODUCT_NAME = "$(TARGET_NAME)";
				TEST_HOST = "$(BUILT_PRODUCTS_DIR)/keyedArchiver.app/keyedArchiver";
			};
			name = Release;
		};
/* End XCBuildConfiguration section */

/* Begin XCConfigurationList section */
		A263BE8C19AC1F1E00C9A301 /* Build configuration list for PBXProject "keyedArchiver" */ = {
			isa = XCConfigurationList;
			buildConfigurations = (
				A263BEAB19AC1F1F00C9A301 /* Debug */,
				A263BEAC19AC1F1F00C9A301 /* Release */,
			);
			defaultConfigurationIsVisible = 0;
			defaultConfigurationName = Release;
		};
		A263BEAD19AC1F1F00C9A301 /* Build configuration list for PBXNativeTarget "keyedArchiver" */ = {
			isa = XCConfigurationList;
			buildConfigurations = (
				A263BEAE19AC1F1F00C9A301 /* Debug */,
				A263BEAF19AC1F1F00C9A301 /* Release */,
			);
			defaultConfigurationIsVisible = 0;
		};
		A263BEB019AC1F1F00C9A301 /* Build configuration list for PBXNativeTarget "keyedArchiverTests" */ = {
			isa = XCConfigurationList;
			buildConfigurations = (
				A263BEB119AC1F1F00C9A301 /* Debug */,
				A263BEB219AC1F1F00C9A301 /* Release */,
			);
			defaultConfigurationIsVisible = 0;
		};
/* End XCConfigurationList section */
	};
	rootObject = A263BE8919AC1F1E00C9A301 /* Project object */;
}
